// !$*UTF8*$!
{
	archiveVersion = 1;
	classes = {
	};
	objectVersion = 56;
	objects = {

/* Begin PBXBuildFile section */
		201418022C3F89BD00321022 /* RMCalculatorView.swift in Sources */ = {isa = PBXBuildFile; fileRef = 201418012C3F89BD00321022 /* RMCalculatorView.swift */; };
		201418042C3F8A9600321022 /* RMInputView.swift in Sources */ = {isa = PBXBuildFile; fileRef = 201418032C3F8A9600321022 /* RMInputView.swift */; };
		201418062C403C1100321022 /* RMCalculatorViewModel.swift in Sources */ = {isa = PBXBuildFile; fileRef = 201418052C403C1100321022 /* RMCalculatorViewModel.swift */; };
		201418082C40439100321022 /* RMResultView.swift in Sources */ = {isa = PBXBuildFile; fileRef = 201418072C40439100321022 /* RMResultView.swift */; };
		20584DB42C44DBD800B482F4 /* Formatter.swift in Sources */ = {isa = PBXBuildFile; fileRef = 20584DB32C44DBD800B482F4 /* Formatter.swift */; };
		E42819542C3BA5EF008883D4 /* Nano3_GymbroApp.swift in Sources */ = {isa = PBXBuildFile; fileRef = E42819532C3BA5EF008883D4 /* Nano3_GymbroApp.swift */; };
		E42819562C3BA5EF008883D4 /* ContentView.swift in Sources */ = {isa = PBXBuildFile; fileRef = E42819552C3BA5EF008883D4 /* ContentView.swift */; };
		E42819582C3BA5F0008883D4 /* Assets.xcassets in Resources */ = {isa = PBXBuildFile; fileRef = E42819572C3BA5F0008883D4 /* Assets.xcassets */; };
		E428195B2C3BA5F0008883D4 /* Preview Assets.xcassets in Resources */ = {isa = PBXBuildFile; fileRef = E428195A2C3BA5F0008883D4 /* Preview Assets.xcassets */; };
		E42819652C3BA5F0008883D4 /* Nano3_GymbroTests.swift in Sources */ = {isa = PBXBuildFile; fileRef = E42819642C3BA5F0008883D4 /* Nano3_GymbroTests.swift */; };
		E428196F2C3BA5F0008883D4 /* Nano3_GymbroUITests.swift in Sources */ = {isa = PBXBuildFile; fileRef = E428196E2C3BA5F0008883D4 /* Nano3_GymbroUITests.swift */; };
		E42819712C3BA5F0008883D4 /* Nano3_GymbroUITestsLaunchTests.swift in Sources */ = {isa = PBXBuildFile; fileRef = E42819702C3BA5F0008883D4 /* Nano3_GymbroUITestsLaunchTests.swift */; };
		E42819882C3F8A9B008883D4 /* RouterViewModel.swift in Sources */ = {isa = PBXBuildFile; fileRef = E42819872C3F8A9B008883D4 /* RouterViewModel.swift */; };
		E42819942C3FA47C008883D4 /* RouterView.swift in Sources */ = {isa = PBXBuildFile; fileRef = E42819932C3FA47C008883D4 /* RouterView.swift */; };
		E4A8AFB62C44E84700EAC5B9 /* ExerciseName.swift in Sources */ = {isa = PBXBuildFile; fileRef = E4A8AFB32C44E84700EAC5B9 /* ExerciseName.swift */; };
		E4A8AFB72C44E84700EAC5B9 /* ExerciseRM.swift in Sources */ = {isa = PBXBuildFile; fileRef = E4A8AFB42C44E84700EAC5B9 /* ExerciseRM.swift */; };
		E4A8AFB82C44E84700EAC5B9 /* ExercisePR.swift in Sources */ = {isa = PBXBuildFile; fileRef = E4A8AFB52C44E84700EAC5B9 /* ExercisePR.swift */; };
		E4A8AFC02C44E8AA00EAC5B9 /* PRView.swift in Sources */ = {isa = PBXBuildFile; fileRef = E4A8AFBF2C44E8AA00EAC5B9 /* PRView.swift */; };
		E4A8AFC32C44E8CD00EAC5B9 /* ExerciseViewModel.swift in Sources */ = {isa = PBXBuildFile; fileRef = E4A8AFC12C44E8CD00EAC5B9 /* ExerciseViewModel.swift */; };
		E4A8AFC72C44E95E00EAC5B9 /* ProgressiveOverloadPlanView.swift in Sources */ = {isa = PBXBuildFile; fileRef = E4A8AFC42C44E95E00EAC5B9 /* ProgressiveOverloadPlanView.swift */; };
		E4A8AFC82C44E95E00EAC5B9 /* WhatRPEView.swift in Sources */ = {isa = PBXBuildFile; fileRef = E4A8AFC52C44E95E00EAC5B9 /* WhatRPEView.swift */; };
		E4A8AFCD2C44E96500EAC5B9 /* AddExerciseView.swift in Sources */ = {isa = PBXBuildFile; fileRef = E4A8AFC92C44E96500EAC5B9 /* AddExerciseView.swift */; };
		E4A8AFCE2C44E96500EAC5B9 /* ExerciseListView.swift in Sources */ = {isa = PBXBuildFile; fileRef = E4A8AFCA2C44E96500EAC5B9 /* ExerciseListView.swift */; };
		E4A8AFCF2C44E96500EAC5B9 /* InputView.swift in Sources */ = {isa = PBXBuildFile; fileRef = E4A8AFCB2C44E96500EAC5B9 /* InputView.swift */; };
		E4A8AFD82C46461F00EAC5B9 /* InputDataExercise.swift in Sources */ = {isa = PBXBuildFile; fileRef = E4A8AFD72C46461F00EAC5B9 /* InputDataExercise.swift */; };
		E4A8AFDB2C46579400EAC5B9 /* LineChartRMView.swift in Sources */ = {isa = PBXBuildFile; fileRef = E4A8AFDA2C46579400EAC5B9 /* LineChartRMView.swift */; };
		F82B28392C3FC8EF00DCF909 /* PRCardView.swift in Sources */ = {isa = PBXBuildFile; fileRef = F82B28382C3FC8EF00DCF909 /* PRCardView.swift */; };
		F8B69FC12C3FCB7B00AC7670 /* ModelCard.swift in Sources */ = {isa = PBXBuildFile; fileRef = F8B69FC02C3FCB7800AC7670 /* ModelCard.swift */; };
		F8B69FC32C3FD94D00AC7670 /* PRDetailView.swift in Sources */ = {isa = PBXBuildFile; fileRef = F8B69FC22C3FD94D00AC7670 /* PRDetailView.swift */; };
		F8B69FCA2C40285700AC7670 /* ChartData.swift in Sources */ = {isa = PBXBuildFile; fileRef = F8B69FC92C40285500AC7670 /* ChartData.swift */; };
		F8B69FCC2C44C40300AC7670 /* PRModalView.swift in Sources */ = {isa = PBXBuildFile; fileRef = F8B69FCB2C44C3FE00AC7670 /* PRModalView.swift */; };
		F8F7907B2C476CDD00209CDA /* CardView.swift in Sources */ = {isa = PBXBuildFile; fileRef = F8F7907A2C476CDB00209CDA /* CardView.swift */; };
/* End PBXBuildFile section */

/* Begin PBXContainerItemProxy section */
		E42819612C3BA5F0008883D4 /* PBXContainerItemProxy */ = {
			isa = PBXContainerItemProxy;
			containerPortal = E42819482C3BA5EF008883D4 /* Project object */;
			proxyType = 1;
			remoteGlobalIDString = E428194F2C3BA5EF008883D4;
			remoteInfo = Nano3_Gymbro;
		};
		E428196B2C3BA5F0008883D4 /* PBXContainerItemProxy */ = {
			isa = PBXContainerItemProxy;
			containerPortal = E42819482C3BA5EF008883D4 /* Project object */;
			proxyType = 1;
			remoteGlobalIDString = E428194F2C3BA5EF008883D4;
			remoteInfo = Nano3_Gymbro;
		};
/* End PBXContainerItemProxy section */

/* Begin PBXFileReference section */
		201418012C3F89BD00321022 /* RMCalculatorView.swift */ = {isa = PBXFileReference; lastKnownFileType = sourcecode.swift; path = RMCalculatorView.swift; sourceTree = "<group>"; };
		201418032C3F8A9600321022 /* RMInputView.swift */ = {isa = PBXFileReference; lastKnownFileType = sourcecode.swift; path = RMInputView.swift; sourceTree = "<group>"; };
		201418052C403C1100321022 /* RMCalculatorViewModel.swift */ = {isa = PBXFileReference; lastKnownFileType = sourcecode.swift; name = RMCalculatorViewModel.swift; path = Nano3_Gymbro/ViewModel/RMCalculator/RMCalculatorViewModel.swift; sourceTree = SOURCE_ROOT; };
		201418072C40439100321022 /* RMResultView.swift */ = {isa = PBXFileReference; lastKnownFileType = sourcecode.swift; path = RMResultView.swift; sourceTree = "<group>"; };
		20584DB32C44DBD800B482F4 /* Formatter.swift */ = {isa = PBXFileReference; lastKnownFileType = sourcecode.swift; name = Formatter.swift; path = Nano3_Gymbro/View/RMCalculator/Formatter.swift; sourceTree = SOURCE_ROOT; };
		E42819502C3BA5EF008883D4 /* Nano3_Gymbro.app */ = {isa = PBXFileReference; explicitFileType = wrapper.application; includeInIndex = 0; path = Nano3_Gymbro.app; sourceTree = BUILT_PRODUCTS_DIR; };
		E42819532C3BA5EF008883D4 /* Nano3_GymbroApp.swift */ = {isa = PBXFileReference; lastKnownFileType = sourcecode.swift; path = Nano3_GymbroApp.swift; sourceTree = "<group>"; };
		E42819552C3BA5EF008883D4 /* ContentView.swift */ = {isa = PBXFileReference; lastKnownFileType = sourcecode.swift; path = ContentView.swift; sourceTree = "<group>"; };
		E42819572C3BA5F0008883D4 /* Assets.xcassets */ = {isa = PBXFileReference; lastKnownFileType = folder.assetcatalog; path = Assets.xcassets; sourceTree = "<group>"; };
		E428195A2C3BA5F0008883D4 /* Preview Assets.xcassets */ = {isa = PBXFileReference; lastKnownFileType = folder.assetcatalog; path = "Preview Assets.xcassets"; sourceTree = "<group>"; };
		E42819602C3BA5F0008883D4 /* Nano3_GymbroTests.xctest */ = {isa = PBXFileReference; explicitFileType = wrapper.cfbundle; includeInIndex = 0; path = Nano3_GymbroTests.xctest; sourceTree = BUILT_PRODUCTS_DIR; };
		E42819642C3BA5F0008883D4 /* Nano3_GymbroTests.swift */ = {isa = PBXFileReference; lastKnownFileType = sourcecode.swift; path = Nano3_GymbroTests.swift; sourceTree = "<group>"; };
		E428196A2C3BA5F0008883D4 /* Nano3_GymbroUITests.xctest */ = {isa = PBXFileReference; explicitFileType = wrapper.cfbundle; includeInIndex = 0; path = Nano3_GymbroUITests.xctest; sourceTree = BUILT_PRODUCTS_DIR; };
		E428196E2C3BA5F0008883D4 /* Nano3_GymbroUITests.swift */ = {isa = PBXFileReference; lastKnownFileType = sourcecode.swift; path = Nano3_GymbroUITests.swift; sourceTree = "<group>"; };
		E42819702C3BA5F0008883D4 /* Nano3_GymbroUITestsLaunchTests.swift */ = {isa = PBXFileReference; lastKnownFileType = sourcecode.swift; path = Nano3_GymbroUITestsLaunchTests.swift; sourceTree = "<group>"; };
		E42819872C3F8A9B008883D4 /* RouterViewModel.swift */ = {isa = PBXFileReference; lastKnownFileType = sourcecode.swift; path = RouterViewModel.swift; sourceTree = "<group>"; };
		E42819932C3FA47C008883D4 /* RouterView.swift */ = {isa = PBXFileReference; lastKnownFileType = sourcecode.swift; path = RouterView.swift; sourceTree = "<group>"; };
		E4A8AFB32C44E84700EAC5B9 /* ExerciseName.swift */ = {isa = PBXFileReference; fileEncoding = 4; lastKnownFileType = sourcecode.swift; path = ExerciseName.swift; sourceTree = "<group>"; };
		E4A8AFB42C44E84700EAC5B9 /* ExerciseRM.swift */ = {isa = PBXFileReference; fileEncoding = 4; lastKnownFileType = sourcecode.swift; path = ExerciseRM.swift; sourceTree = "<group>"; };
		E4A8AFB52C44E84700EAC5B9 /* ExercisePR.swift */ = {isa = PBXFileReference; fileEncoding = 4; lastKnownFileType = sourcecode.swift; path = ExercisePR.swift; sourceTree = "<group>"; };
		E4A8AFBF2C44E8AA00EAC5B9 /* PRView.swift */ = {isa = PBXFileReference; fileEncoding = 4; lastKnownFileType = sourcecode.swift; path = PRView.swift; sourceTree = "<group>"; };
		E4A8AFC12C44E8CD00EAC5B9 /* ExerciseViewModel.swift */ = {isa = PBXFileReference; fileEncoding = 4; lastKnownFileType = sourcecode.swift; path = ExerciseViewModel.swift; sourceTree = "<group>"; };
		E4A8AFC42C44E95E00EAC5B9 /* ProgressiveOverloadPlanView.swift */ = {isa = PBXFileReference; fileEncoding = 4; lastKnownFileType = sourcecode.swift; path = ProgressiveOverloadPlanView.swift; sourceTree = "<group>"; };
		E4A8AFC52C44E95E00EAC5B9 /* WhatRPEView.swift */ = {isa = PBXFileReference; fileEncoding = 4; lastKnownFileType = sourcecode.swift; path = WhatRPEView.swift; sourceTree = "<group>"; };
		E4A8AFC92C44E96500EAC5B9 /* AddExerciseView.swift */ = {isa = PBXFileReference; fileEncoding = 4; lastKnownFileType = sourcecode.swift; path = AddExerciseView.swift; sourceTree = "<group>"; };
		E4A8AFCA2C44E96500EAC5B9 /* ExerciseListView.swift */ = {isa = PBXFileReference; fileEncoding = 4; lastKnownFileType = sourcecode.swift; path = ExerciseListView.swift; sourceTree = "<group>"; };
		E4A8AFCB2C44E96500EAC5B9 /* InputView.swift */ = {isa = PBXFileReference; fileEncoding = 4; lastKnownFileType = sourcecode.swift; path = InputView.swift; sourceTree = "<group>"; };
		E4A8AFD72C46461F00EAC5B9 /* InputDataExercise.swift */ = {isa = PBXFileReference; lastKnownFileType = sourcecode.swift; name = InputDataExercise.swift; path = Nano3_Gymbro/InputDataExercise.swift; sourceTree = SOURCE_ROOT; };
		E4A8AFDA2C46579400EAC5B9 /* LineChartRMView.swift */ = {isa = PBXFileReference; lastKnownFileType = sourcecode.swift; path = LineChartRMView.swift; sourceTree = "<group>"; };
		F82B28382C3FC8EF00DCF909 /* PRCardView.swift */ = {isa = PBXFileReference; lastKnownFileType = sourcecode.swift; path = PRCardView.swift; sourceTree = "<group>"; };
		F8B69FC02C3FCB7800AC7670 /* ModelCard.swift */ = {isa = PBXFileReference; lastKnownFileType = sourcecode.swift; path = ModelCard.swift; sourceTree = "<group>"; };
		F8B69FC22C3FD94D00AC7670 /* PRDetailView.swift */ = {isa = PBXFileReference; lastKnownFileType = sourcecode.swift; path = PRDetailView.swift; sourceTree = "<group>"; };
		F8B69FC92C40285500AC7670 /* ChartData.swift */ = {isa = PBXFileReference; lastKnownFileType = sourcecode.swift; path = ChartData.swift; sourceTree = "<group>"; };
		F8B69FCB2C44C3FE00AC7670 /* PRModalView.swift */ = {isa = PBXFileReference; lastKnownFileType = sourcecode.swift; path = PRModalView.swift; sourceTree = "<group>"; };
		F8F7907A2C476CDB00209CDA /* CardView.swift */ = {isa = PBXFileReference; lastKnownFileType = sourcecode.swift; path = CardView.swift; sourceTree = "<group>"; };
/* End PBXFileReference section */

/* Begin PBXFrameworksBuildPhase section */
		E428194D2C3BA5EF008883D4 /* Frameworks */ = {
			isa = PBXFrameworksBuildPhase;
			buildActionMask = 2147483647;
			files = (
			);
			runOnlyForDeploymentPostprocessing = 0;
		};
		E428195D2C3BA5F0008883D4 /* Frameworks */ = {
			isa = PBXFrameworksBuildPhase;
			buildActionMask = 2147483647;
			files = (
			);
			runOnlyForDeploymentPostprocessing = 0;
		};
		E42819672C3BA5F0008883D4 /* Frameworks */ = {
			isa = PBXFrameworksBuildPhase;
			buildActionMask = 2147483647;
			files = (
			);
			runOnlyForDeploymentPostprocessing = 0;
		};
/* End PBXFrameworksBuildPhase section */

/* Begin PBXGroup section */
		201418002C3F894600321022 /* RMCalculator */ = {
			isa = PBXGroup;
			children = (
				201418012C3F89BD00321022 /* RMCalculatorView.swift */,
				201418032C3F8A9600321022 /* RMInputView.swift */,
				201418072C40439100321022 /* RMResultView.swift */,
			);
			path = RMCalculator;
			sourceTree = "<group>";
		};
		20BDE6A32C46873600FB2CF1 /* RMCalculator */ = {
			isa = PBXGroup;
			children = (
				201418052C403C1100321022 /* RMCalculatorViewModel.swift */,
			);
			path = RMCalculator;
			sourceTree = "<group>";
		};
		E42819472C3BA5EF008883D4 = {
			isa = PBXGroup;
			children = (
				E42819522C3BA5EF008883D4 /* Nano3_Gymbro */,
				E42819632C3BA5F0008883D4 /* Nano3_GymbroTests */,
				E428196D2C3BA5F0008883D4 /* Nano3_GymbroUITests */,
				E42819512C3BA5EF008883D4 /* Products */,
			);
			sourceTree = "<group>";
		};
		E42819512C3BA5EF008883D4 /* Products */ = {
			isa = PBXGroup;
			children = (
				E42819502C3BA5EF008883D4 /* Nano3_Gymbro.app */,
				E42819602C3BA5F0008883D4 /* Nano3_GymbroTests.xctest */,
				E428196A2C3BA5F0008883D4 /* Nano3_GymbroUITests.xctest */,
			);
			name = Products;
			sourceTree = "<group>";
		};
		E42819522C3BA5EF008883D4 /* Nano3_Gymbro */ = {
			isa = PBXGroup;
			children = (
				E42819802C3F84E6008883D4 /* Util */,
				E428197F2C3F84E0008883D4 /* ViewModel */,
				E428197E2C3F84DB008883D4 /* View */,
				E428197D2C3F84D5008883D4 /* Model */,
				E42819532C3BA5EF008883D4 /* Nano3_GymbroApp.swift */,
				E42819552C3BA5EF008883D4 /* ContentView.swift */,
				E42819572C3BA5F0008883D4 /* Assets.xcassets */,
				E42819592C3BA5F0008883D4 /* Preview Content */,
			);
			path = Nano3_Gymbro;
			sourceTree = "<group>";
		};
		E42819592C3BA5F0008883D4 /* Preview Content */ = {
			isa = PBXGroup;
			children = (
				E428195A2C3BA5F0008883D4 /* Preview Assets.xcassets */,
			);
			path = "Preview Content";
			sourceTree = "<group>";
		};
		E42819632C3BA5F0008883D4 /* Nano3_GymbroTests */ = {
			isa = PBXGroup;
			children = (
				E42819642C3BA5F0008883D4 /* Nano3_GymbroTests.swift */,
			);
			path = Nano3_GymbroTests;
			sourceTree = "<group>";
		};
		E428196D2C3BA5F0008883D4 /* Nano3_GymbroUITests */ = {
			isa = PBXGroup;
			children = (
				E428196E2C3BA5F0008883D4 /* Nano3_GymbroUITests.swift */,
				E42819702C3BA5F0008883D4 /* Nano3_GymbroUITestsLaunchTests.swift */,
			);
			path = Nano3_GymbroUITests;
			sourceTree = "<group>";
		};
		E428197D2C3F84D5008883D4 /* Model */ = {
			isa = PBXGroup;
			children = (
				E4A8AFB32C44E84700EAC5B9 /* ExerciseName.swift */,
				E4A8AFB52C44E84700EAC5B9 /* ExercisePR.swift */,
				E4A8AFB42C44E84700EAC5B9 /* ExerciseRM.swift */,
				F8B69FC92C40285500AC7670 /* ChartData.swift */,
				F8B69FC02C3FCB7800AC7670 /* ModelCard.swift */,
			);
			path = Model;
			sourceTree = "<group>";
		};
		E428197E2C3F84DB008883D4 /* View */ = {
			isa = PBXGroup;
			children = (
				E4A8AFCC2C44E96500EAC5B9 /* Exercise */,
				E4A8AFC62C44E95E00EAC5B9 /* ProgressiveOverload */,
				E4A8AFBF2C44E8AA00EAC5B9 /* PRView.swift */,
				F82B28352C3FC8CB00DCF909 /* PRCard */,
				E42819922C3FA46F008883D4 /* Router */,
				E42819892C3F9A6F008883D4 /* LineChart */,
				201418002C3F894600321022 /* RMCalculator */,
			);
			path = View;
			sourceTree = "<group>";
		};
		E428197F2C3F84E0008883D4 /* ViewModel */ = {
			isa = PBXGroup;
			children = (
				20BDE6A32C46873600FB2CF1 /* RMCalculator */,
				E4A8AFC22C44E8CD00EAC5B9 /* Exercise */,
				E42819862C3F8A8D008883D4 /* Router */,
			);
			path = ViewModel;
			sourceTree = "<group>";
		};
		E42819802C3F84E6008883D4 /* Util */ = {
			isa = PBXGroup;
			children = (
				20584DB32C44DBD800B482F4 /* Formatter.swift */,
				E4A8AFD72C46461F00EAC5B9 /* InputDataExercise.swift */,
			);
			path = Util;
			sourceTree = "<group>";
		};
		E42819862C3F8A8D008883D4 /* Router */ = {
			isa = PBXGroup;
			children = (
				E42819872C3F8A9B008883D4 /* RouterViewModel.swift */,
			);
			path = Router;
			sourceTree = "<group>";
		};
		E42819892C3F9A6F008883D4 /* LineChart */ = {
			isa = PBXGroup;
			children = (
				E4A8AFDA2C46579400EAC5B9 /* LineChartRMView.swift */,
			);
			path = LineChart;
			sourceTree = "<group>";
		};
		E42819922C3FA46F008883D4 /* Router */ = {
			isa = PBXGroup;
			children = (
				E42819932C3FA47C008883D4 /* RouterView.swift */,
			);
			path = Router;
			sourceTree = "<group>";
		};
		E4A8AFC22C44E8CD00EAC5B9 /* Exercise */ = {
			isa = PBXGroup;
			children = (
				E4A8AFC12C44E8CD00EAC5B9 /* ExerciseViewModel.swift */,
			);
			path = Exercise;
			sourceTree = "<group>";
		};
		E4A8AFC62C44E95E00EAC5B9 /* ProgressiveOverload */ = {
			isa = PBXGroup;
			children = (
				E4A8AFC42C44E95E00EAC5B9 /* ProgressiveOverloadPlanView.swift */,
				E4A8AFC52C44E95E00EAC5B9 /* WhatRPEView.swift */,
			);
			path = ProgressiveOverload;
			sourceTree = "<group>";
		};
		E4A8AFCC2C44E96500EAC5B9 /* Exercise */ = {
			isa = PBXGroup;
			children = (
				E4A8AFC92C44E96500EAC5B9 /* AddExerciseView.swift */,
				E4A8AFCA2C44E96500EAC5B9 /* ExerciseListView.swift */,
				E4A8AFCB2C44E96500EAC5B9 /* InputView.swift */,
			);
			path = Exercise;
			sourceTree = "<group>";
		};
		F82B28352C3FC8CB00DCF909 /* PRCard */ = {
			isa = PBXGroup;
			children = (
				F8F7907A2C476CDB00209CDA /* CardView.swift */,
				F82B28382C3FC8EF00DCF909 /* PRCardView.swift */,
				F8B69FC22C3FD94D00AC7670 /* PRDetailView.swift */,
				F8B69FCB2C44C3FE00AC7670 /* PRModalView.swift */,
			);
			path = PRCard;
			sourceTree = "<group>";
		};
/* End PBXGroup section */

/* Begin PBXNativeTarget section */
		E428194F2C3BA5EF008883D4 /* Nano3_Gymbro */ = {
			isa = PBXNativeTarget;
			buildConfigurationList = E42819742C3BA5F0008883D4 /* Build configuration list for PBXNativeTarget "Nano3_Gymbro" */;
			buildPhases = (
				E428194C2C3BA5EF008883D4 /* Sources */,
				E428194D2C3BA5EF008883D4 /* Frameworks */,
				E428194E2C3BA5EF008883D4 /* Resources */,
			);
			buildRules = (
			);
			dependencies = (
			);
			name = Nano3_Gymbro;
			packageProductDependencies = (
			);
			productName = Nano3_Gymbro;
			productReference = E42819502C3BA5EF008883D4 /* Nano3_Gymbro.app */;
			productType = "com.apple.product-type.application";
		};
		E428195F2C3BA5F0008883D4 /* Nano3_GymbroTests */ = {
			isa = PBXNativeTarget;
			buildConfigurationList = E42819772C3BA5F0008883D4 /* Build configuration list for PBXNativeTarget "Nano3_GymbroTests" */;
			buildPhases = (
				E428195C2C3BA5F0008883D4 /* Sources */,
				E428195D2C3BA5F0008883D4 /* Frameworks */,
				E428195E2C3BA5F0008883D4 /* Resources */,
			);
			buildRules = (
			);
			dependencies = (
				E42819622C3BA5F0008883D4 /* PBXTargetDependency */,
			);
			name = Nano3_GymbroTests;
			productName = Nano3_GymbroTests;
			productReference = E42819602C3BA5F0008883D4 /* Nano3_GymbroTests.xctest */;
			productType = "com.apple.product-type.bundle.unit-test";
		};
		E42819692C3BA5F0008883D4 /* Nano3_GymbroUITests */ = {
			isa = PBXNativeTarget;
			buildConfigurationList = E428197A2C3BA5F0008883D4 /* Build configuration list for PBXNativeTarget "Nano3_GymbroUITests" */;
			buildPhases = (
				E42819662C3BA5F0008883D4 /* Sources */,
				E42819672C3BA5F0008883D4 /* Frameworks */,
				E42819682C3BA5F0008883D4 /* Resources */,
			);
			buildRules = (
			);
			dependencies = (
				E428196C2C3BA5F0008883D4 /* PBXTargetDependency */,
			);
			name = Nano3_GymbroUITests;
			productName = Nano3_GymbroUITests;
			productReference = E428196A2C3BA5F0008883D4 /* Nano3_GymbroUITests.xctest */;
			productType = "com.apple.product-type.bundle.ui-testing";
		};
/* End PBXNativeTarget section */

/* Begin PBXProject section */
		E42819482C3BA5EF008883D4 /* Project object */ = {
			isa = PBXProject;
			attributes = {
				BuildIndependentTargetsInParallel = 1;
				LastSwiftUpdateCheck = 1540;
				LastUpgradeCheck = 1540;
				TargetAttributes = {
					E428194F2C3BA5EF008883D4 = {
						CreatedOnToolsVersion = 15.4;
					};
					E428195F2C3BA5F0008883D4 = {
						CreatedOnToolsVersion = 15.4;
						TestTargetID = E428194F2C3BA5EF008883D4;
					};
					E42819692C3BA5F0008883D4 = {
						CreatedOnToolsVersion = 15.4;
						TestTargetID = E428194F2C3BA5EF008883D4;
					};
				};
			};
			buildConfigurationList = E428194B2C3BA5EF008883D4 /* Build configuration list for PBXProject "Nano3_Gymbro" */;
			compatibilityVersion = "Xcode 14.0";
			developmentRegion = en;
			hasScannedForEncodings = 0;
			knownRegions = (
				en,
				Base,
				ar,
			);
			mainGroup = E42819472C3BA5EF008883D4;
			packageReferences = (
				F8B69FC62C3FE0A000AC7670 /* XCRemoteSwiftPackageReference "chartview" */,
			);
			productRefGroup = E42819512C3BA5EF008883D4 /* Products */;
			projectDirPath = "";
			projectRoot = "";
			targets = (
				E428194F2C3BA5EF008883D4 /* Nano3_Gymbro */,
				E428195F2C3BA5F0008883D4 /* Nano3_GymbroTests */,
				E42819692C3BA5F0008883D4 /* Nano3_GymbroUITests */,
			);
		};
/* End PBXProject section */

/* Begin PBXResourcesBuildPhase section */
		E428194E2C3BA5EF008883D4 /* Resources */ = {
			isa = PBXResourcesBuildPhase;
			buildActionMask = 2147483647;
			files = (
				E428195B2C3BA5F0008883D4 /* Preview Assets.xcassets in Resources */,
				E42819582C3BA5F0008883D4 /* Assets.xcassets in Resources */,
			);
			runOnlyForDeploymentPostprocessing = 0;
		};
		E428195E2C3BA5F0008883D4 /* Resources */ = {
			isa = PBXResourcesBuildPhase;
			buildActionMask = 2147483647;
			files = (
			);
			runOnlyForDeploymentPostprocessing = 0;
		};
		E42819682C3BA5F0008883D4 /* Resources */ = {
			isa = PBXResourcesBuildPhase;
			buildActionMask = 2147483647;
			files = (
			);
			runOnlyForDeploymentPostprocessing = 0;
		};
/* End PBXResourcesBuildPhase section */

/* Begin PBXSourcesBuildPhase section */
		E428194C2C3BA5EF008883D4 /* Sources */ = {
			isa = PBXSourcesBuildPhase;
			buildActionMask = 2147483647;
			files = (
				20584DB42C44DBD800B482F4 /* Formatter.swift in Sources */,
				F8F7907B2C476CDD00209CDA /* CardView.swift in Sources */,
				E42819562C3BA5EF008883D4 /* ContentView.swift in Sources */,
				E4A8AFB82C44E84700EAC5B9 /* ExercisePR.swift in Sources */,
				E42819882C3F8A9B008883D4 /* RouterViewModel.swift in Sources */,
				E4A8AFCD2C44E96500EAC5B9 /* AddExerciseView.swift in Sources */,
				E4A8AFC02C44E8AA00EAC5B9 /* PRView.swift in Sources */,
				F8B69FCC2C44C40300AC7670 /* PRModalView.swift in Sources */,
				E42819942C3FA47C008883D4 /* RouterView.swift in Sources */,
				E4A8AFCE2C44E96500EAC5B9 /* ExerciseListView.swift in Sources */,
				E4A8AFD82C46461F00EAC5B9 /* InputDataExercise.swift in Sources */,
				201418062C403C1100321022 /* RMCalculatorViewModel.swift in Sources */,
				E4A8AFC82C44E95E00EAC5B9 /* WhatRPEView.swift in Sources */,
				E4A8AFC72C44E95E00EAC5B9 /* ProgressiveOverloadPlanView.swift in Sources */,
				E4A8AFCF2C44E96500EAC5B9 /* InputView.swift in Sources */,
				E4A8AFB62C44E84700EAC5B9 /* ExerciseName.swift in Sources */,
				E4A8AFB72C44E84700EAC5B9 /* ExerciseRM.swift in Sources */,
				F82B28392C3FC8EF00DCF909 /* PRCardView.swift in Sources */,
				E4A8AFC32C44E8CD00EAC5B9 /* ExerciseViewModel.swift in Sources */,
				F8B69FC12C3FCB7B00AC7670 /* ModelCard.swift in Sources */,
				F8B69FCA2C40285700AC7670 /* ChartData.swift in Sources */,
				E4A8AFDB2C46579400EAC5B9 /* LineChartRMView.swift in Sources */,
				E42819542C3BA5EF008883D4 /* Nano3_GymbroApp.swift in Sources */,
				F8B69FC32C3FD94D00AC7670 /* PRDetailView.swift in Sources */,
				201418042C3F8A9600321022 /* RMInputView.swift in Sources */,
				201418082C40439100321022 /* RMResultView.swift in Sources */,
				201418022C3F89BD00321022 /* RMCalculatorView.swift in Sources */,
			);
			runOnlyForDeploymentPostprocessing = 0;
		};
		E428195C2C3BA5F0008883D4 /* Sources */ = {
			isa = PBXSourcesBuildPhase;
			buildActionMask = 2147483647;
			files = (
				E42819652C3BA5F0008883D4 /* Nano3_GymbroTests.swift in Sources */,
			);
			runOnlyForDeploymentPostprocessing = 0;
		};
		E42819662C3BA5F0008883D4 /* Sources */ = {
			isa = PBXSourcesBuildPhase;
			buildActionMask = 2147483647;
			files = (
				E42819712C3BA5F0008883D4 /* Nano3_GymbroUITestsLaunchTests.swift in Sources */,
				E428196F2C3BA5F0008883D4 /* Nano3_GymbroUITests.swift in Sources */,
			);
			runOnlyForDeploymentPostprocessing = 0;
		};
/* End PBXSourcesBuildPhase section */

/* Begin PBXTargetDependency section */
		E42819622C3BA5F0008883D4 /* PBXTargetDependency */ = {
			isa = PBXTargetDependency;
			target = E428194F2C3BA5EF008883D4 /* Nano3_Gymbro */;
			targetProxy = E42819612C3BA5F0008883D4 /* PBXContainerItemProxy */;
		};
		E428196C2C3BA5F0008883D4 /* PBXTargetDependency */ = {
			isa = PBXTargetDependency;
			target = E428194F2C3BA5EF008883D4 /* Nano3_Gymbro */;
			targetProxy = E428196B2C3BA5F0008883D4 /* PBXContainerItemProxy */;
		};
/* End PBXTargetDependency section */

/* Begin XCBuildConfiguration section */
		E42819722C3BA5F0008883D4 /* Debug */ = {
			isa = XCBuildConfiguration;
			buildSettings = {
				ALWAYS_SEARCH_USER_PATHS = NO;
				ASSETCATALOG_COMPILER_GENERATE_SWIFT_ASSET_SYMBOL_EXTENSIONS = YES;
				CLANG_ANALYZER_NONNULL = YES;
				CLANG_ANALYZER_NUMBER_OBJECT_CONVERSION = YES_AGGRESSIVE;
				CLANG_CXX_LANGUAGE_STANDARD = "gnu++20";
				CLANG_ENABLE_MODULES = YES;
				CLANG_ENABLE_OBJC_ARC = YES;
				CLANG_ENABLE_OBJC_WEAK = YES;
				CLANG_WARN_BLOCK_CAPTURE_AUTORELEASING = YES;
				CLANG_WARN_BOOL_CONVERSION = YES;
				CLANG_WARN_COMMA = YES;
				CLANG_WARN_CONSTANT_CONVERSION = YES;
				CLANG_WARN_DEPRECATED_OBJC_IMPLEMENTATIONS = YES;
				CLANG_WARN_DIRECT_OBJC_ISA_USAGE = YES_ERROR;
				CLANG_WARN_DOCUMENTATION_COMMENTS = YES;
				CLANG_WARN_EMPTY_BODY = YES;
				CLANG_WARN_ENUM_CONVERSION = YES;
				CLANG_WARN_INFINITE_RECURSION = YES;
				CLANG_WARN_INT_CONVERSION = YES;
				CLANG_WARN_NON_LITERAL_NULL_CONVERSION = YES;
				CLANG_WARN_OBJC_IMPLICIT_RETAIN_SELF = YES;
				CLANG_WARN_OBJC_LITERAL_CONVERSION = YES;
				CLANG_WARN_OBJC_ROOT_CLASS = YES_ERROR;
				CLANG_WARN_QUOTED_INCLUDE_IN_FRAMEWORK_HEADER = YES;
				CLANG_WARN_RANGE_LOOP_ANALYSIS = YES;
				CLANG_WARN_STRICT_PROTOTYPES = YES;
				CLANG_WARN_SUSPICIOUS_MOVE = YES;
				CLANG_WARN_UNGUARDED_AVAILABILITY = YES_AGGRESSIVE;
				CLANG_WARN_UNREACHABLE_CODE = YES;
				CLANG_WARN__DUPLICATE_METHOD_MATCH = YES;
				COPY_PHASE_STRIP = NO;
				DEBUG_INFORMATION_FORMAT = dwarf;
				ENABLE_STRICT_OBJC_MSGSEND = YES;
				ENABLE_TESTABILITY = YES;
				ENABLE_USER_SCRIPT_SANDBOXING = YES;
				GCC_C_LANGUAGE_STANDARD = gnu17;
				GCC_DYNAMIC_NO_PIC = NO;
				GCC_NO_COMMON_BLOCKS = YES;
				GCC_OPTIMIZATION_LEVEL = 0;
				GCC_PREPROCESSOR_DEFINITIONS = (
					"DEBUG=1",
					"$(inherited)",
				);
				GCC_WARN_64_TO_32_BIT_CONVERSION = YES;
				GCC_WARN_ABOUT_RETURN_TYPE = YES_ERROR;
				GCC_WARN_UNDECLARED_SELECTOR = YES;
				GCC_WARN_UNINITIALIZED_AUTOS = YES_AGGRESSIVE;
				GCC_WARN_UNUSED_FUNCTION = YES;
				GCC_WARN_UNUSED_VARIABLE = YES;
				IPHONEOS_DEPLOYMENT_TARGET = 17.0;
				LOCALIZATION_PREFERS_STRING_CATALOGS = YES;
				MTL_ENABLE_DEBUG_INFO = INCLUDE_SOURCE;
				MTL_FAST_MATH = YES;
				ONLY_ACTIVE_ARCH = YES;
				SDKROOT = iphoneos;
				SWIFT_ACTIVE_COMPILATION_CONDITIONS = "DEBUG $(inherited)";
				SWIFT_OPTIMIZATION_LEVEL = "-Onone";
			};
			name = Debug;
		};
		E42819732C3BA5F0008883D4 /* Release */ = {
			isa = XCBuildConfiguration;
			buildSettings = {
				ALWAYS_SEARCH_USER_PATHS = NO;
				ASSETCATALOG_COMPILER_GENERATE_SWIFT_ASSET_SYMBOL_EXTENSIONS = YES;
				CLANG_ANALYZER_NONNULL = YES;
				CLANG_ANALYZER_NUMBER_OBJECT_CONVERSION = YES_AGGRESSIVE;
				CLANG_CXX_LANGUAGE_STANDARD = "gnu++20";
				CLANG_ENABLE_MODULES = YES;
				CLANG_ENABLE_OBJC_ARC = YES;
				CLANG_ENABLE_OBJC_WEAK = YES;
				CLANG_WARN_BLOCK_CAPTURE_AUTORELEASING = YES;
				CLANG_WARN_BOOL_CONVERSION = YES;
				CLANG_WARN_COMMA = YES;
				CLANG_WARN_CONSTANT_CONVERSION = YES;
				CLANG_WARN_DEPRECATED_OBJC_IMPLEMENTATIONS = YES;
				CLANG_WARN_DIRECT_OBJC_ISA_USAGE = YES_ERROR;
				CLANG_WARN_DOCUMENTATION_COMMENTS = YES;
				CLANG_WARN_EMPTY_BODY = YES;
				CLANG_WARN_ENUM_CONVERSION = YES;
				CLANG_WARN_INFINITE_RECURSION = YES;
				CLANG_WARN_INT_CONVERSION = YES;
				CLANG_WARN_NON_LITERAL_NULL_CONVERSION = YES;
				CLANG_WARN_OBJC_IMPLICIT_RETAIN_SELF = YES;
				CLANG_WARN_OBJC_LITERAL_CONVERSION = YES;
				CLANG_WARN_OBJC_ROOT_CLASS = YES_ERROR;
				CLANG_WARN_QUOTED_INCLUDE_IN_FRAMEWORK_HEADER = YES;
				CLANG_WARN_RANGE_LOOP_ANALYSIS = YES;
				CLANG_WARN_STRICT_PROTOTYPES = YES;
				CLANG_WARN_SUSPICIOUS_MOVE = YES;
				CLANG_WARN_UNGUARDED_AVAILABILITY = YES_AGGRESSIVE;
				CLANG_WARN_UNREACHABLE_CODE = YES;
				CLANG_WARN__DUPLICATE_METHOD_MATCH = YES;
				COPY_PHASE_STRIP = NO;
				DEBUG_INFORMATION_FORMAT = "dwarf-with-dsym";
				ENABLE_NS_ASSERTIONS = NO;
				ENABLE_STRICT_OBJC_MSGSEND = YES;
				ENABLE_USER_SCRIPT_SANDBOXING = YES;
				GCC_C_LANGUAGE_STANDARD = gnu17;
				GCC_NO_COMMON_BLOCKS = YES;
				GCC_WARN_64_TO_32_BIT_CONVERSION = YES;
				GCC_WARN_ABOUT_RETURN_TYPE = YES_ERROR;
				GCC_WARN_UNDECLARED_SELECTOR = YES;
				GCC_WARN_UNINITIALIZED_AUTOS = YES_AGGRESSIVE;
				GCC_WARN_UNUSED_FUNCTION = YES;
				GCC_WARN_UNUSED_VARIABLE = YES;
				IPHONEOS_DEPLOYMENT_TARGET = 17.0;
				LOCALIZATION_PREFERS_STRING_CATALOGS = YES;
				MTL_ENABLE_DEBUG_INFO = NO;
				MTL_FAST_MATH = YES;
				SDKROOT = iphoneos;
				SWIFT_COMPILATION_MODE = wholemodule;
				VALIDATE_PRODUCT = YES;
			};
			name = Release;
		};
		E42819752C3BA5F0008883D4 /* Debug */ = {
			isa = XCBuildConfiguration;
			buildSettings = {
				ASSETCATALOG_COMPILER_APPICON_NAME = AppIcon;
				ASSETCATALOG_COMPILER_GLOBAL_ACCENT_COLOR_NAME = AccentColor;
				CODE_SIGN_STYLE = Automatic;
				CURRENT_PROJECT_VERSION = 1;
				DEVELOPMENT_ASSET_PATHS = "\"Nano3_Gymbro/Preview Content\"";
				DEVELOPMENT_TEAM = FSN9NYGU93;
				ENABLE_PREVIEWS = YES;
				GENERATE_INFOPLIST_FILE = YES;
				INFOPLIST_KEY_UIApplicationSceneManifest_Generation = YES;
				INFOPLIST_KEY_UIApplicationSupportsIndirectInputEvents = YES;
				INFOPLIST_KEY_UILaunchScreen_Generation = YES;
				INFOPLIST_KEY_UISupportedInterfaceOrientations_iPad = "UIInterfaceOrientationPortrait UIInterfaceOrientationPortraitUpsideDown UIInterfaceOrientationLandscapeLeft UIInterfaceOrientationLandscapeRight";
				INFOPLIST_KEY_UISupportedInterfaceOrientations_iPhone = "UIInterfaceOrientationPortrait UIInterfaceOrientationLandscapeLeft UIInterfaceOrientationLandscapeRight";
				IPHONEOS_DEPLOYMENT_TARGET = 17.0;
				LD_RUNPATH_SEARCH_PATHS = (
					"$(inherited)",
					"@executable_path/Frameworks",
				);
				MARKETING_VERSION = 1.0;
				PRODUCT_BUNDLE_IDENTIFIER = "Nano3.Nano3-Gymbro";
				PRODUCT_NAME = "$(TARGET_NAME)";
				SWIFT_EMIT_LOC_STRINGS = YES;
				SWIFT_VERSION = 5.0;
				TARGETED_DEVICE_FAMILY = "1,2";
			};
			name = Debug;
		};
		E42819762C3BA5F0008883D4 /* Release */ = {
			isa = XCBuildConfiguration;
			buildSettings = {
				ASSETCATALOG_COMPILER_APPICON_NAME = AppIcon;
				ASSETCATALOG_COMPILER_GLOBAL_ACCENT_COLOR_NAME = AccentColor;
				CODE_SIGN_STYLE = Automatic;
				CURRENT_PROJECT_VERSION = 1;
				DEVELOPMENT_ASSET_PATHS = "\"Nano3_Gymbro/Preview Content\"";
				DEVELOPMENT_TEAM = FSN9NYGU93;
				ENABLE_PREVIEWS = YES;
				GENERATE_INFOPLIST_FILE = YES;
				INFOPLIST_KEY_UIApplicationSceneManifest_Generation = YES;
				INFOPLIST_KEY_UIApplicationSupportsIndirectInputEvents = YES;
				INFOPLIST_KEY_UILaunchScreen_Generation = YES;
				INFOPLIST_KEY_UISupportedInterfaceOrientations_iPad = "UIInterfaceOrientationPortrait UIInterfaceOrientationPortraitUpsideDown UIInterfaceOrientationLandscapeLeft UIInterfaceOrientationLandscapeRight";
				INFOPLIST_KEY_UISupportedInterfaceOrientations_iPhone = "UIInterfaceOrientationPortrait UIInterfaceOrientationLandscapeLeft UIInterfaceOrientationLandscapeRight";
				IPHONEOS_DEPLOYMENT_TARGET = 17.0;
				LD_RUNPATH_SEARCH_PATHS = (
					"$(inherited)",
					"@executable_path/Frameworks",
				);
				MARKETING_VERSION = 1.0;
				PRODUCT_BUNDLE_IDENTIFIER = "Nano3.Nano3-Gymbro";
				PRODUCT_NAME = "$(TARGET_NAME)";
				SWIFT_EMIT_LOC_STRINGS = YES;
				SWIFT_VERSION = 5.0;
				TARGETED_DEVICE_FAMILY = "1,2";
			};
			name = Release;
		};
		E42819782C3BA5F0008883D4 /* Debug */ = {
			isa = XCBuildConfiguration;
			buildSettings = {
				ALWAYS_EMBED_SWIFT_STANDARD_LIBRARIES = YES;
				BUNDLE_LOADER = "$(TEST_HOST)";
				CODE_SIGN_STYLE = Automatic;
				CURRENT_PROJECT_VERSION = 1;
				DEVELOPMENT_TEAM = Z5LAH6MA86;
				GENERATE_INFOPLIST_FILE = YES;
				IPHONEOS_DEPLOYMENT_TARGET = 17.0;
				MARKETING_VERSION = 1.0;
				PRODUCT_BUNDLE_IDENTIFIER = "Nano3.Nano3-GymbroTests";
				PRODUCT_NAME = "$(TARGET_NAME)";
				SWIFT_EMIT_LOC_STRINGS = NO;
				SWIFT_VERSION = 5.0;
				TARGETED_DEVICE_FAMILY = "1,2";
				TEST_HOST = "$(BUILT_PRODUCTS_DIR)/Nano3_Gymbro.app/$(BUNDLE_EXECUTABLE_FOLDER_PATH)/Nano3_Gymbro";
			};
			name = Debug;
		};
		E42819792C3BA5F0008883D4 /* Release */ = {
			isa = XCBuildConfiguration;
			buildSettings = {
				ALWAYS_EMBED_SWIFT_STANDARD_LIBRARIES = YES;
				BUNDLE_LOADER = "$(TEST_HOST)";
				CODE_SIGN_STYLE = Automatic;
				CURRENT_PROJECT_VERSION = 1;
				DEVELOPMENT_TEAM = Z5LAH6MA86;
				GENERATE_INFOPLIST_FILE = YES;
				IPHONEOS_DEPLOYMENT_TARGET = 17.0;
				MARKETING_VERSION = 1.0;
				PRODUCT_BUNDLE_IDENTIFIER = "Nano3.Nano3-GymbroTests";
				PRODUCT_NAME = "$(TARGET_NAME)";
				SWIFT_EMIT_LOC_STRINGS = NO;
				SWIFT_VERSION = 5.0;
				TARGETED_DEVICE_FAMILY = "1,2";
				TEST_HOST = "$(BUILT_PRODUCTS_DIR)/Nano3_Gymbro.app/$(BUNDLE_EXECUTABLE_FOLDER_PATH)/Nano3_Gymbro";
			};
			name = Release;
		};
		E428197B2C3BA5F0008883D4 /* Debug */ = {
			isa = XCBuildConfiguration;
			buildSettings = {
				ALWAYS_EMBED_SWIFT_STANDARD_LIBRARIES = YES;
				CODE_SIGN_STYLE = Automatic;
				CURRENT_PROJECT_VERSION = 1;
				DEVELOPMENT_TEAM = Z5LAH6MA86;
				GENERATE_INFOPLIST_FILE = YES;
				MARKETING_VERSION = 1.0;
				PRODUCT_BUNDLE_IDENTIFIER = "Nano3.Nano3-GymbroUITests";
				PRODUCT_NAME = "$(TARGET_NAME)";
				SWIFT_EMIT_LOC_STRINGS = NO;
				SWIFT_VERSION = 5.0;
				TARGETED_DEVICE_FAMILY = "1,2";
				TEST_TARGET_NAME = Nano3_Gymbro;
			};
			name = Debug;
		};
		E428197C2C3BA5F0008883D4 /* Release */ = {
			isa = XCBuildConfiguration;
			buildSettings = {
				ALWAYS_EMBED_SWIFT_STANDARD_LIBRARIES = YES;
				CODE_SIGN_STYLE = Automatic;
				CURRENT_PROJECT_VERSION = 1;
				DEVELOPMENT_TEAM = Z5LAH6MA86;
				GENERATE_INFOPLIST_FILE = YES;
				MARKETING_VERSION = 1.0;
				PRODUCT_BUNDLE_IDENTIFIER = "Nano3.Nano3-GymbroUITests";
				PRODUCT_NAME = "$(TARGET_NAME)";
				SWIFT_EMIT_LOC_STRINGS = NO;
				SWIFT_VERSION = 5.0;
				TARGETED_DEVICE_FAMILY = "1,2";
				TEST_TARGET_NAME = Nano3_Gymbro;
			};
			name = Release;
		};
/* End XCBuildConfiguration section */

/* Begin XCConfigurationList section */
		E428194B2C3BA5EF008883D4 /* Build configuration list for PBXProject "Nano3_Gymbro" */ = {
			isa = XCConfigurationList;
			buildConfigurations = (
				E42819722C3BA5F0008883D4 /* Debug */,
				E42819732C3BA5F0008883D4 /* Release */,
			);
			defaultConfigurationIsVisible = 0;
			defaultConfigurationName = Release;
		};
		E42819742C3BA5F0008883D4 /* Build configuration list for PBXNativeTarget "Nano3_Gymbro" */ = {
			isa = XCConfigurationList;
			buildConfigurations = (
				E42819752C3BA5F0008883D4 /* Debug */,
				E42819762C3BA5F0008883D4 /* Release */,
			);
			defaultConfigurationIsVisible = 0;
			defaultConfigurationName = Release;
		};
		E42819772C3BA5F0008883D4 /* Build configuration list for PBXNativeTarget "Nano3_GymbroTests" */ = {
			isa = XCConfigurationList;
			buildConfigurations = (
				E42819782C3BA5F0008883D4 /* Debug */,
				E42819792C3BA5F0008883D4 /* Release */,
			);
			defaultConfigurationIsVisible = 0;
			defaultConfigurationName = Release;
		};
		E428197A2C3BA5F0008883D4 /* Build configuration list for PBXNativeTarget "Nano3_GymbroUITests" */ = {
			isa = XCConfigurationList;
			buildConfigurations = (
				E428197B2C3BA5F0008883D4 /* Debug */,
				E428197C2C3BA5F0008883D4 /* Release */,
			);
			defaultConfigurationIsVisible = 0;
			defaultConfigurationName = Release;
		};
/* End XCConfigurationList section */

/* Begin XCRemoteSwiftPackageReference section */
		F8B69FC62C3FE0A000AC7670 /* XCRemoteSwiftPackageReference "chartview" */ = {
			isa = XCRemoteSwiftPackageReference;
			repositoryURL = "https://github.com/apppear/chartview.git";
			requirement = {
				kind = upToNextMajorVersion;
				minimumVersion = 1.5.5;
			};
		};
/* End XCRemoteSwiftPackageReference section */
	};
	rootObject = E42819482C3BA5EF008883D4 /* Project object */;
}
